
Microsoft Visual Studio Solution File, Format Version 12.00
# Visual Studio Version 17
VisualStudioVersion = 17.4.33403.182
MinimumVisualStudioVersion = 10.0.40219.1
Project("{FAE04EC0-301F-11D3-BF4B-00C04F79EFBC}") = "Hitachi_Solutions_Task", "Hitachi_Solutions_Task.csproj", "{408D229A-583E-4626-B7F4-021D4AD40F93}"
EndProject
Global
	GlobalSection(SolutionConfigurationPlatforms) = preSolution
		Debug|Any CPU = Debug|Any CPU
		Release|Any CPU = Release|Any CPU
	EndGlobalSection
	GlobalSection(ProjectConfigurationPlatforms) = postSolution
		{408D229A-583E-4626-B7F4-021D4AD40F93}.Debug|Any CPU.ActiveCfg = Debug|Any CPU
		{408D229A-583E-4626-B7F4-021D4AD40F93}.Debug|Any CPU.Build.0 = Debug|Any CPU
		{408D229A-583E-4626-B7F4-021D4AD40F93}.Release|Any CPU.ActiveCfg = Release|Any CPU
		{408D229A-583E-4626-B7F4-021D4AD40F93}.Release|Any CPU.Build.0 = Release|Any CPU
	EndGlobalSection
	GlobalSection(SolutionProperties) = preSolution
		HideSolutionNode = FALSE
	EndGlobalSection
	GlobalSection(ExtensibilityGlobals) = postSolution
		SolutionGuid = {6D78D21A-E53A-427E-AF14-4E5C1FF763E6}
	EndGlobalSection
EndGlobal
